{
  "nodes": {
    "nixpkgs": {
      "locked": {
        "lastModified": 1707756698,
        "narHash": "sha256-pPJIpi9jGBkS/Cs9UlyF03+DZsbchs5+lQQjMxu0SB0=",
        "owner": "NixOS",
        "repo": "nixpkgs",
        "rev": "a783bc12a16c8e351b028c18b7deacdaa12fe600",
        "type": "github"
      },
      "original": {
        "owner": "NixOS",
        "ref": "master",
        "repo": "nixpkgs",
        "type": "github"
      }
    },
    "root": {
      "inputs": {
        "nixpkgs": "nixpkgs"
      }
    }
  },
  "root": "root",
  "version": 7
}
